
Microsoft Visual Studio Solution File, Format Version 12.00
Project("{FAE04EC0-301F-11D3-BF4B-00C04F79EFBC}") = "IPK_Project", "IPK_Project\IPK_Project.csproj", "{0885E94C-E48D-42EE-B3D9-C9D3574A8E4F}"
EndProject
Global
	GlobalSection(SolutionConfigurationPlatforms) = preSolution
		Debug|Any CPU = Debug|Any CPU
		Release|Any CPU = Release|Any CPU
	EndGlobalSection
	GlobalSection(ProjectConfigurationPlatforms) = postSolution
		{0885E94C-E48D-42EE-B3D9-C9D3574A8E4F}.Debug|Any CPU.ActiveCfg = Debug|Any CPU
		{0885E94C-E48D-42EE-B3D9-C9D3574A8E4F}.Debug|Any CPU.Build.0 = Debug|Any CPU
		{0885E94C-E48D-42EE-B3D9-C9D3574A8E4F}.Release|Any CPU.ActiveCfg = Release|Any CPU
		{0885E94C-E48D-42EE-B3D9-C9D3574A8E4F}.Release|Any CPU.Build.0 = Release|Any CPU
	EndGlobalSection
EndGlobal
